schema: '2.0'
stages:
  load_data:
    cmd: python src/load_data.py --config=params.yaml
    deps:
    - path: data_given/housing.csv
      hash: md5
      md5: ad2984d5f67279c963c90e143013dd47
      size: 92039
    - path: src/get_data.py
      hash: md5
      md5: df714e5692968c8ac9006a8ebd497bc3
      size: 673
    - path: src/load_data.py
      hash: md5
      md5: eaa3476dbb5739c3d8c568d89e8fc918
      size: 881
    outs:
    - path: data/raw/housing.csv
      hash: md5
      md5: 7f6833e4b5da471012de4d2df6c0b942
      size: 91418
  split_data:
    cmd: python src/split_data.py --config=params.yaml
    deps:
    - path: data/raw/housing.csv
      hash: md5
      md5: 7f6833e4b5da471012de4d2df6c0b942
      size: 91418
    - path: src/split_data.py
      hash: md5
      md5: 7510b6ec32dd5e59ca177ec313852094
      size: 1122
    outs:
    - path: data/processed/test_housing.csv
      hash: md5
      md5: 39f18da198269fd820bea860a3435068
      size: 18328
    - path: data/processed/train_housing.csv
      hash: md5
      md5: 5e69606ddc663bd490a94067addc673f
      size: 73082
  train_and_evaluate:
    cmd: python src/train_and_evaluate.py --config=params.yaml
    deps:
    - path: data/processed/test_housing.csv
      hash: md5
      md5: 39f18da198269fd820bea860a3435068
      size: 18328
    - path: data/processed/train_housing.csv
      hash: md5
      md5: 5e69606ddc663bd490a94067addc673f
      size: 73082
    - path: src/train_and_evaluate.py
      hash: md5
      md5: 34ba095a791bccb539d286a465674e76
      size: 2698
    params:
      params.yaml:
        estimators.ElasticNet.params.alpha: 0.88
        estimators.ElasticNet.params.l1_ratio: 0.99
  log_production_model:
    cmd: python src/log_production_model.py --config=params.yaml
    deps:
    - path: src/log_production_model.py
      hash: md5
      md5: 0c0e9c14f619f430fad5d1658d599585
      size: 1824
  model_monitoring:
    cmd: python src/model_monitoring.py --config=params.yaml
    deps:
    - path: src/model_monitoring.py
      hash: md5
      md5: cc3afc6dc33d2926eb9f2317792052db
      size: 2739
